
Microsoft Visual Studio Solution File, Format Version 12.00
# Visual Studio Version 16
VisualStudioVersion = 16.0.30517.126
MinimumVisualStudioVersion = 10.0.40219.1
Project("{9A19103F-16F7-4668-BE54-9A1E7A4F7556}") = "Hello World!", "Hello World!\Hello World!.csproj", "{5ABD1B6B-5DF1-46C5-8B48-A4782C33426A}"
EndProject
Project("{9A19103F-16F7-4668-BE54-9A1E7A4F7556}") = "Take Two Stones", "Take Two Stones\Take Two Stones.csproj", "{EF740CFF-187A-4DBB-B00E-1D7DF2FD8ABA}"
EndProject
Project("{9A19103F-16F7-4668-BE54-9A1E7A4F7556}") = "R2", "R2\R2.csproj", "{A9274AE0-677F-4DE3-8B5B-8BAE91BEEF3B}"
EndProject
Project("{9A19103F-16F7-4668-BE54-9A1E7A4F7556}") = "Quality-Adjusted Life-Year", "Quality-Adjusted Life-Year\Quality-Adjusted Life-Year.csproj", "{DB9D4B5D-5418-4ABB-B72C-E6D56711E2A4}"
EndProject
Project("{9A19103F-16F7-4668-BE54-9A1E7A4F7556}") = "Pot", "Pot\Pot.csproj", "{713037A8-8302-40A5-8DED-A7605EC9BCF4}"
EndProject
Project("{9A19103F-16F7-4668-BE54-9A1E7A4F7556}") = "Faktor", "Faktor\Faktor.csproj", "{36C32438-09E1-4A1E-8275-B38F32DF7510}"
EndProject
Project("{FAE04EC0-301F-11D3-BF4B-00C04F79EFBC}") = "Planina", "Planina\Planina.csproj", "{42267FC4-7BD0-42E4-BEB6-0E128788542C}"
EndProject
Global
	GlobalSection(SolutionConfigurationPlatforms) = preSolution
		Debug|Any CPU = Debug|Any CPU
		Release|Any CPU = Release|Any CPU
	EndGlobalSection
	GlobalSection(ProjectConfigurationPlatforms) = postSolution
		{5ABD1B6B-5DF1-46C5-8B48-A4782C33426A}.Debug|Any CPU.ActiveCfg = Debug|Any CPU
		{5ABD1B6B-5DF1-46C5-8B48-A4782C33426A}.Debug|Any CPU.Build.0 = Debug|Any CPU
		{5ABD1B6B-5DF1-46C5-8B48-A4782C33426A}.Release|Any CPU.ActiveCfg = Release|Any CPU
		{5ABD1B6B-5DF1-46C5-8B48-A4782C33426A}.Release|Any CPU.Build.0 = Release|Any CPU
		{EF740CFF-187A-4DBB-B00E-1D7DF2FD8ABA}.Debug|Any CPU.ActiveCfg = Debug|Any CPU
		{EF740CFF-187A-4DBB-B00E-1D7DF2FD8ABA}.Debug|Any CPU.Build.0 = Debug|Any CPU
		{EF740CFF-187A-4DBB-B00E-1D7DF2FD8ABA}.Release|Any CPU.ActiveCfg = Release|Any CPU
		{EF740CFF-187A-4DBB-B00E-1D7DF2FD8ABA}.Release|Any CPU.Build.0 = Release|Any CPU
		{A9274AE0-677F-4DE3-8B5B-8BAE91BEEF3B}.Debug|Any CPU.ActiveCfg = Debug|Any CPU
		{A9274AE0-677F-4DE3-8B5B-8BAE91BEEF3B}.Debug|Any CPU.Build.0 = Debug|Any CPU
		{A9274AE0-677F-4DE3-8B5B-8BAE91BEEF3B}.Release|Any CPU.ActiveCfg = Release|Any CPU
		{A9274AE0-677F-4DE3-8B5B-8BAE91BEEF3B}.Release|Any CPU.Build.0 = Release|Any CPU
		{DB9D4B5D-5418-4ABB-B72C-E6D56711E2A4}.Debug|Any CPU.ActiveCfg = Debug|Any CPU
		{DB9D4B5D-5418-4ABB-B72C-E6D56711E2A4}.Debug|Any CPU.Build.0 = Debug|Any CPU
		{DB9D4B5D-5418-4ABB-B72C-E6D56711E2A4}.Release|Any CPU.ActiveCfg = Release|Any CPU
		{DB9D4B5D-5418-4ABB-B72C-E6D56711E2A4}.Release|Any CPU.Build.0 = Release|Any CPU
		{713037A8-8302-40A5-8DED-A7605EC9BCF4}.Debug|Any CPU.ActiveCfg = Debug|Any CPU
		{713037A8-8302-40A5-8DED-A7605EC9BCF4}.Debug|Any CPU.Build.0 = Debug|Any CPU
		{713037A8-8302-40A5-8DED-A7605EC9BCF4}.Release|Any CPU.ActiveCfg = Release|Any CPU
		{713037A8-8302-40A5-8DED-A7605EC9BCF4}.Release|Any CPU.Build.0 = Release|Any CPU
		{36C32438-09E1-4A1E-8275-B38F32DF7510}.Debug|Any CPU.ActiveCfg = Debug|Any CPU
		{36C32438-09E1-4A1E-8275-B38F32DF7510}.Debug|Any CPU.Build.0 = Debug|Any CPU
		{36C32438-09E1-4A1E-8275-B38F32DF7510}.Release|Any CPU.ActiveCfg = Release|Any CPU
		{36C32438-09E1-4A1E-8275-B38F32DF7510}.Release|Any CPU.Build.0 = Release|Any CPU
		{42267FC4-7BD0-42E4-BEB6-0E128788542C}.Debug|Any CPU.ActiveCfg = Debug|Any CPU
		{42267FC4-7BD0-42E4-BEB6-0E128788542C}.Debug|Any CPU.Build.0 = Debug|Any CPU
		{42267FC4-7BD0-42E4-BEB6-0E128788542C}.Release|Any CPU.ActiveCfg = Release|Any CPU
		{42267FC4-7BD0-42E4-BEB6-0E128788542C}.Release|Any CPU.Build.0 = Release|Any CPU
	EndGlobalSection
	GlobalSection(SolutionProperties) = preSolution
		HideSolutionNode = FALSE
	EndGlobalSection
	GlobalSection(ExtensibilityGlobals) = postSolution
		SolutionGuid = {F86071C1-B1E9-43BB-95D7-AD020AA2F6E0}
	EndGlobalSection
EndGlobal
